version = 1
revision = 3
requires-python = ">=3.12"

[[package]]
name = "mlops-agh-lab1-bstepniewski"
version = "0.1.0"
source = { virtual = "." }

[package.dev-dependencies]
dev = [
    { name = "mlops-agh-lab1-bstepniewski" },
]

[package.metadata]

[package.metadata.requires-dev]
dev = [{ name = "mlops-agh-lab1-bstepniewski", virtual = "." }]
